
Microsoft Visual Studio Solution File, Format Version 12.00
Project("{FAE04EC0-301F-11D3-BF4B-00C04F79EFBC}") = "PredicateStateMachine", "PredicateStateMachine \PredicateStateMachine.csproj", "{2DDF46BD-BAC3-4845-BC3D-BA930CF7BB57}"
EndProject
Project("{FAE04EC0-301F-11D3-BF4B-00C04F79EFBC}") = "PredicateStateMachine.Examples", "PredicateStateMachine.Examples\PredicateStateMachine.Examples.csproj", "{F0114761-64D9-47DE-9330-F6925FC6945D}"
EndProject
Project("{FAE04EC0-301F-11D3-BF4B-00C04F79EFBC}") = "PredicateStateMachine.Tests", "PredicateStateMachine.Tests\PredicateStateMachine.Tests.csproj", "{C70A860C-5F80-4557-BCD4-EE2EE110E626}"
EndProject
Global
	GlobalSection(SolutionConfigurationPlatforms) = preSolution
		Debug|Any CPU = Debug|Any CPU
		Release|Any CPU = Release|Any CPU
	EndGlobalSection
	GlobalSection(ProjectConfigurationPlatforms) = postSolution
		{2DDF46BD-BAC3-4845-BC3D-BA930CF7BB57}.Debug|Any CPU.ActiveCfg = Debug|Any CPU
		{2DDF46BD-BAC3-4845-BC3D-BA930CF7BB57}.Debug|Any CPU.Build.0 = Debug|Any CPU
		{2DDF46BD-BAC3-4845-BC3D-BA930CF7BB57}.Release|Any CPU.ActiveCfg = Release|Any CPU
		{2DDF46BD-BAC3-4845-BC3D-BA930CF7BB57}.Release|Any CPU.Build.0 = Release|Any CPU
		{F0114761-64D9-47DE-9330-F6925FC6945D}.Debug|Any CPU.ActiveCfg = Debug|Any CPU
		{F0114761-64D9-47DE-9330-F6925FC6945D}.Debug|Any CPU.Build.0 = Debug|Any CPU
		{F0114761-64D9-47DE-9330-F6925FC6945D}.Release|Any CPU.ActiveCfg = Release|Any CPU
		{F0114761-64D9-47DE-9330-F6925FC6945D}.Release|Any CPU.Build.0 = Release|Any CPU
		{C70A860C-5F80-4557-BCD4-EE2EE110E626}.Debug|Any CPU.ActiveCfg = Debug|Any CPU
		{C70A860C-5F80-4557-BCD4-EE2EE110E626}.Debug|Any CPU.Build.0 = Debug|Any CPU
		{C70A860C-5F80-4557-BCD4-EE2EE110E626}.Release|Any CPU.ActiveCfg = Release|Any CPU
		{C70A860C-5F80-4557-BCD4-EE2EE110E626}.Release|Any CPU.Build.0 = Release|Any CPU
	EndGlobalSection
EndGlobal
